
Microsoft Visual Studio Solution File, Format Version 12.00
Project("{FAE04EC0-301F-11D3-BF4B-00C04F79EFBC}") = "ChatService", "ChatService\ChatService.csproj", "{A1F18AC6-07DE-46B0-9779-7D78BC347A30}"
EndProject
Project("{FAE04EC0-301F-11D3-BF4B-00C04F79EFBC}") = "ChatService.Persistence", "ChatService.Persistence\ChatService.Persistence.csproj", "{6E290DA8-2A90-4C25-900B-F4DD291A5BDA}"
EndProject
Project("{FAE04EC0-301F-11D3-BF4B-00C04F79EFBC}") = "ChatService.Domain", "ChatService.Domain\ChatService.Domain.csproj", "{CFA90ABD-A05E-4926-B224-237E9ABC1F02}"
EndProject
Global
	GlobalSection(SolutionConfigurationPlatforms) = preSolution
		Debug|Any CPU = Debug|Any CPU
		Release|Any CPU = Release|Any CPU
	EndGlobalSection
	GlobalSection(ProjectConfigurationPlatforms) = postSolution
		{A1F18AC6-07DE-46B0-9779-7D78BC347A30}.Debug|Any CPU.ActiveCfg = Debug|Any CPU
		{A1F18AC6-07DE-46B0-9779-7D78BC347A30}.Debug|Any CPU.Build.0 = Debug|Any CPU
		{A1F18AC6-07DE-46B0-9779-7D78BC347A30}.Release|Any CPU.ActiveCfg = Release|Any CPU
		{A1F18AC6-07DE-46B0-9779-7D78BC347A30}.Release|Any CPU.Build.0 = Release|Any CPU
		{6E290DA8-2A90-4C25-900B-F4DD291A5BDA}.Debug|Any CPU.ActiveCfg = Debug|Any CPU
		{6E290DA8-2A90-4C25-900B-F4DD291A5BDA}.Debug|Any CPU.Build.0 = Debug|Any CPU
		{6E290DA8-2A90-4C25-900B-F4DD291A5BDA}.Release|Any CPU.ActiveCfg = Release|Any CPU
		{6E290DA8-2A90-4C25-900B-F4DD291A5BDA}.Release|Any CPU.Build.0 = Release|Any CPU
		{CFA90ABD-A05E-4926-B224-237E9ABC1F02}.Debug|Any CPU.ActiveCfg = Debug|Any CPU
		{CFA90ABD-A05E-4926-B224-237E9ABC1F02}.Debug|Any CPU.Build.0 = Debug|Any CPU
		{CFA90ABD-A05E-4926-B224-237E9ABC1F02}.Release|Any CPU.ActiveCfg = Release|Any CPU
		{CFA90ABD-A05E-4926-B224-237E9ABC1F02}.Release|Any CPU.Build.0 = Release|Any CPU
	EndGlobalSection
EndGlobal
